
Microsoft Visual Studio Solution File, Format Version 12.00
# Visual Studio 14
VisualStudioVersion = 14.0.23107.0
MinimumVisualStudioVersion = 10.0.40219.1
Project("{FAE04EC0-301F-11D3-BF4B-00C04F79EFBC}") = "led_control", "led_control\led_control.csproj", "{AABA7B2F-EB32-4E9E-9C92-502CC4D3335F}"
EndProject
Project("{FAE04EC0-301F-11D3-BF4B-00C04F79EFBC}") = "LED", "LED\LED.csproj", "{90DFD9F6-D600-408A-8E87-5ECA6FE221BB}"
	ProjectSection(ProjectDependencies) = postProject
		{AABA7B2F-EB32-4E9E-9C92-502CC4D3335F} = {AABA7B2F-EB32-4E9E-9C92-502CC4D3335F}
	EndProjectSection
EndProject
Global
	GlobalSection(SolutionConfigurationPlatforms) = preSolution
		Debug|Any CPU = Debug|Any CPU
		Debug|x64 = Debug|x64
		Release|Any CPU = Release|Any CPU
		Release|x64 = Release|x64
	EndGlobalSection
	GlobalSection(ProjectConfigurationPlatforms) = postSolution
		{AABA7B2F-EB32-4E9E-9C92-502CC4D3335F}.Debug|Any CPU.ActiveCfg = Debug|Any CPU
		{AABA7B2F-EB32-4E9E-9C92-502CC4D3335F}.Debug|Any CPU.Build.0 = Debug|Any CPU
		{AABA7B2F-EB32-4E9E-9C92-502CC4D3335F}.Debug|x64.ActiveCfg = Debug|x64
		{AABA7B2F-EB32-4E9E-9C92-502CC4D3335F}.Debug|x64.Build.0 = Debug|x64
		{AABA7B2F-EB32-4E9E-9C92-502CC4D3335F}.Debug|x64.Deploy.0 = Debug|x64
		{AABA7B2F-EB32-4E9E-9C92-502CC4D3335F}.Release|Any CPU.ActiveCfg = Release|Any CPU
		{AABA7B2F-EB32-4E9E-9C92-502CC4D3335F}.Release|Any CPU.Build.0 = Release|Any CPU
		{AABA7B2F-EB32-4E9E-9C92-502CC4D3335F}.Release|x64.ActiveCfg = Release|x64
		{AABA7B2F-EB32-4E9E-9C92-502CC4D3335F}.Release|x64.Build.0 = Release|x64
		{90DFD9F6-D600-408A-8E87-5ECA6FE221BB}.Debug|Any CPU.ActiveCfg = Debug|Any CPU
		{90DFD9F6-D600-408A-8E87-5ECA6FE221BB}.Debug|Any CPU.Build.0 = Debug|Any CPU
		{90DFD9F6-D600-408A-8E87-5ECA6FE221BB}.Debug|x64.ActiveCfg = Debug|x64
		{90DFD9F6-D600-408A-8E87-5ECA6FE221BB}.Debug|x64.Build.0 = Debug|x64
		{90DFD9F6-D600-408A-8E87-5ECA6FE221BB}.Release|Any CPU.ActiveCfg = Release|Any CPU
		{90DFD9F6-D600-408A-8E87-5ECA6FE221BB}.Release|Any CPU.Build.0 = Release|Any CPU
		{90DFD9F6-D600-408A-8E87-5ECA6FE221BB}.Release|x64.ActiveCfg = Release|x64
		{90DFD9F6-D600-408A-8E87-5ECA6FE221BB}.Release|x64.Build.0 = Release|x64
	EndGlobalSection
	GlobalSection(SolutionProperties) = preSolution
		HideSolutionNode = FALSE
	EndGlobalSection
EndGlobal
